
Microsoft Visual Studio Solution File, Format Version 12.00
# Visual Studio Version 16
VisualStudioVersion = 16.0.32106.194
MinimumVisualStudioVersion = 10.0.40219.1
Project("{FAE04EC0-301F-11D3-BF4B-00C04F79EFBC}") = "Exam_Kondr_bilet3.Android", "Exam_Kondr_bilet3.Android\Exam_Kondr_bilet3.Android.csproj", "{5E46F025-2AAB-4815-9157-AB2635CEB9F8}"
EndProject
Project("{FAE04EC0-301F-11D3-BF4B-00C04F79EFBC}") = "Exam_Kondr_bilet3.iOS", "Exam_Kondr_bilet3.iOS\Exam_Kondr_bilet3.iOS.csproj", "{718F5139-3F5E-4774-BFAA-16156FA3379D}"
EndProject
Project("{FAE04EC0-301F-11D3-BF4B-00C04F79EFBC}") = "Exam_Kondr_bilet3", "Exam_Kondr_bilet3\Exam_Kondr_bilet3.csproj", "{DE53D481-6A1F-4AE9-B3F2-79C5A28BF5B4}"
EndProject
Global
	GlobalSection(SolutionConfigurationPlatforms) = preSolution
		Debug|Any CPU = Debug|Any CPU
		Debug|iPhone = Debug|iPhone
		Debug|iPhoneSimulator = Debug|iPhoneSimulator
		Release|Any CPU = Release|Any CPU
		Release|iPhone = Release|iPhone
		Release|iPhoneSimulator = Release|iPhoneSimulator
	EndGlobalSection
	GlobalSection(ProjectConfigurationPlatforms) = postSolution
		{5E46F025-2AAB-4815-9157-AB2635CEB9F8}.Debug|Any CPU.ActiveCfg = Debug|Any CPU
		{5E46F025-2AAB-4815-9157-AB2635CEB9F8}.Debug|Any CPU.Build.0 = Debug|Any CPU
		{5E46F025-2AAB-4815-9157-AB2635CEB9F8}.Debug|Any CPU.Deploy.0 = Debug|Any CPU
		{5E46F025-2AAB-4815-9157-AB2635CEB9F8}.Debug|iPhone.ActiveCfg = Debug|Any CPU
		{5E46F025-2AAB-4815-9157-AB2635CEB9F8}.Debug|iPhone.Build.0 = Debug|Any CPU
		{5E46F025-2AAB-4815-9157-AB2635CEB9F8}.Debug|iPhone.Deploy.0 = Debug|Any CPU
		{5E46F025-2AAB-4815-9157-AB2635CEB9F8}.Debug|iPhoneSimulator.ActiveCfg = Debug|Any CPU
		{5E46F025-2AAB-4815-9157-AB2635CEB9F8}.Debug|iPhoneSimulator.Build.0 = Debug|Any CPU
		{5E46F025-2AAB-4815-9157-AB2635CEB9F8}.Debug|iPhoneSimulator.Deploy.0 = Debug|Any CPU
		{5E46F025-2AAB-4815-9157-AB2635CEB9F8}.Release|Any CPU.ActiveCfg = Release|Any CPU
		{5E46F025-2AAB-4815-9157-AB2635CEB9F8}.Release|Any CPU.Build.0 = Release|Any CPU
		{5E46F025-2AAB-4815-9157-AB2635CEB9F8}.Release|Any CPU.Deploy.0 = Release|Any CPU
		{5E46F025-2AAB-4815-9157-AB2635CEB9F8}.Release|iPhone.ActiveCfg = Release|Any CPU
		{5E46F025-2AAB-4815-9157-AB2635CEB9F8}.Release|iPhone.Build.0 = Release|Any CPU
		{5E46F025-2AAB-4815-9157-AB2635CEB9F8}.Release|iPhone.Deploy.0 = Release|Any CPU
		{5E46F025-2AAB-4815-9157-AB2635CEB9F8}.Release|iPhoneSimulator.ActiveCfg = Release|Any CPU
		{5E46F025-2AAB-4815-9157-AB2635CEB9F8}.Release|iPhoneSimulator.Build.0 = Release|Any CPU
		{5E46F025-2AAB-4815-9157-AB2635CEB9F8}.Release|iPhoneSimulator.Deploy.0 = Release|Any CPU
		{718F5139-3F5E-4774-BFAA-16156FA3379D}.Debug|Any CPU.ActiveCfg = Debug|iPhone
		{718F5139-3F5E-4774-BFAA-16156FA3379D}.Debug|Any CPU.Build.0 = Debug|iPhone
		{718F5139-3F5E-4774-BFAA-16156FA3379D}.Debug|Any CPU.Deploy.0 = Debug|iPhone
		{718F5139-3F5E-4774-BFAA-16156FA3379D}.Debug|iPhone.ActiveCfg = Debug|iPhone
		{718F5139-3F5E-4774-BFAA-16156FA3379D}.Debug|iPhone.Build.0 = Debug|iPhone
		{718F5139-3F5E-4774-BFAA-16156FA3379D}.Debug|iPhone.Deploy.0 = Debug|iPhone
		{718F5139-3F5E-4774-BFAA-16156FA3379D}.Debug|iPhoneSimulator.ActiveCfg = Debug|iPhoneSimulator
		{718F5139-3F5E-4774-BFAA-16156FA3379D}.Debug|iPhoneSimulator.Build.0 = Debug|iPhoneSimulator
		{718F5139-3F5E-4774-BFAA-16156FA3379D}.Debug|iPhoneSimulator.Deploy.0 = Debug|iPhoneSimulator
		{718F5139-3F5E-4774-BFAA-16156FA3379D}.Release|Any CPU.ActiveCfg = Release|iPhoneSimulator
		{718F5139-3F5E-4774-BFAA-16156FA3379D}.Release|Any CPU.Build.0 = Release|iPhoneSimulator
		{718F5139-3F5E-4774-BFAA-16156FA3379D}.Release|Any CPU.Deploy.0 = Release|iPhoneSimulator
		{718F5139-3F5E-4774-BFAA-16156FA3379D}.Release|iPhone.ActiveCfg = Release|iPhone
		{718F5139-3F5E-4774-BFAA-16156FA3379D}.Release|iPhone.Build.0 = Release|iPhone
		{718F5139-3F5E-4774-BFAA-16156FA3379D}.Release|iPhone.Deploy.0 = Release|iPhone
		{718F5139-3F5E-4774-BFAA-16156FA3379D}.Release|iPhoneSimulator.ActiveCfg = Release|iPhoneSimulator
		{718F5139-3F5E-4774-BFAA-16156FA3379D}.Release|iPhoneSimulator.Build.0 = Release|iPhoneSimulator
		{718F5139-3F5E-4774-BFAA-16156FA3379D}.Release|iPhoneSimulator.Deploy.0 = Release|iPhoneSimulator
		{DE53D481-6A1F-4AE9-B3F2-79C5A28BF5B4}.Debug|Any CPU.ActiveCfg = Debug|Any CPU
		{DE53D481-6A1F-4AE9-B3F2-79C5A28BF5B4}.Debug|Any CPU.Build.0 = Debug|Any CPU
		{DE53D481-6A1F-4AE9-B3F2-79C5A28BF5B4}.Debug|Any CPU.Deploy.0 = Debug|Any CPU
		{DE53D481-6A1F-4AE9-B3F2-79C5A28BF5B4}.Debug|iPhone.ActiveCfg = Debug|Any CPU
		{DE53D481-6A1F-4AE9-B3F2-79C5A28BF5B4}.Debug|iPhone.Build.0 = Debug|Any CPU
		{DE53D481-6A1F-4AE9-B3F2-79C5A28BF5B4}.Debug|iPhone.Deploy.0 = Debug|Any CPU
		{DE53D481-6A1F-4AE9-B3F2-79C5A28BF5B4}.Debug|iPhoneSimulator.ActiveCfg = Debug|Any CPU
		{DE53D481-6A1F-4AE9-B3F2-79C5A28BF5B4}.Debug|iPhoneSimulator.Build.0 = Debug|Any CPU
		{DE53D481-6A1F-4AE9-B3F2-79C5A28BF5B4}.Debug|iPhoneSimulator.Deploy.0 = Debug|Any CPU
		{DE53D481-6A1F-4AE9-B3F2-79C5A28BF5B4}.Release|Any CPU.ActiveCfg = Release|Any CPU
		{DE53D481-6A1F-4AE9-B3F2-79C5A28BF5B4}.Release|Any CPU.Build.0 = Release|Any CPU
		{DE53D481-6A1F-4AE9-B3F2-79C5A28BF5B4}.Release|Any CPU.Deploy.0 = Release|Any CPU
		{DE53D481-6A1F-4AE9-B3F2-79C5A28BF5B4}.Release|iPhone.ActiveCfg = Release|Any CPU
		{DE53D481-6A1F-4AE9-B3F2-79C5A28BF5B4}.Release|iPhone.Build.0 = Release|Any CPU
		{DE53D481-6A1F-4AE9-B3F2-79C5A28BF5B4}.Release|iPhone.Deploy.0 = Release|Any CPU
		{DE53D481-6A1F-4AE9-B3F2-79C5A28BF5B4}.Release|iPhoneSimulator.ActiveCfg = Release|Any CPU
		{DE53D481-6A1F-4AE9-B3F2-79C5A28BF5B4}.Release|iPhoneSimulator.Build.0 = Release|Any CPU
		{DE53D481-6A1F-4AE9-B3F2-79C5A28BF5B4}.Release|iPhoneSimulator.Deploy.0 = Release|Any CPU
	EndGlobalSection
	GlobalSection(SolutionProperties) = preSolution
		HideSolutionNode = FALSE
	EndGlobalSection
	GlobalSection(ExtensibilityGlobals) = postSolution
		SolutionGuid = {D1DD8E09-0C39-49DC-B4B2-3A7DBB3F73E9}
	EndGlobalSection
EndGlobal
